
Microsoft Visual Studio Solution File, Format Version 12.00
# Visual Studio 15
VisualStudioVersion = 15.0.26730.12
MinimumVisualStudioVersion = 10.0.40219.1
Project("{FAE04EC0-301F-11D3-BF4B-00C04F79EFBC}") = "FlaUIRecorder", "FlaUIRecorder\FlaUIRecorder.csproj", "{CBFE71E8-DA52-4461-BEB9-82E338004B4A}"
EndProject
Project("{FAE04EC0-301F-11D3-BF4B-00C04F79EFBC}") = "FlaUIRecorder.CodeProvider.CSharp", "FlaUIRecorder.CodeProvider.CSharp\FlaUIRecorder.CodeProvider.CSharp.csproj", "{6127B4DE-DBFE-428A-9082-CA5CA09CDD38}"
EndProject
Project("{FAE04EC0-301F-11D3-BF4B-00C04F79EFBC}") = "FlaUIRecorder.CodeProvider.Common", "FlaUIRecorder.CodeProvider.Common\FlaUIRecorder.CodeProvider.Common.csproj", "{6557A603-E0BE-408A-A722-F39FF09FE89D}"
EndProject
Global
	GlobalSection(SolutionConfigurationPlatforms) = preSolution
		Debug|Any CPU = Debug|Any CPU
		Release|Any CPU = Release|Any CPU
	EndGlobalSection
	GlobalSection(ProjectConfigurationPlatforms) = postSolution
		{CBFE71E8-DA52-4461-BEB9-82E338004B4A}.Debug|Any CPU.ActiveCfg = Debug|Any CPU
		{CBFE71E8-DA52-4461-BEB9-82E338004B4A}.Debug|Any CPU.Build.0 = Debug|Any CPU
		{CBFE71E8-DA52-4461-BEB9-82E338004B4A}.Release|Any CPU.ActiveCfg = Release|Any CPU
		{CBFE71E8-DA52-4461-BEB9-82E338004B4A}.Release|Any CPU.Build.0 = Release|Any CPU
		{6127B4DE-DBFE-428A-9082-CA5CA09CDD38}.Debug|Any CPU.ActiveCfg = Debug|Any CPU
		{6127B4DE-DBFE-428A-9082-CA5CA09CDD38}.Debug|Any CPU.Build.0 = Debug|Any CPU
		{6127B4DE-DBFE-428A-9082-CA5CA09CDD38}.Release|Any CPU.ActiveCfg = Release|Any CPU
		{6127B4DE-DBFE-428A-9082-CA5CA09CDD38}.Release|Any CPU.Build.0 = Release|Any CPU
		{6557A603-E0BE-408A-A722-F39FF09FE89D}.Debug|Any CPU.ActiveCfg = Debug|Any CPU
		{6557A603-E0BE-408A-A722-F39FF09FE89D}.Debug|Any CPU.Build.0 = Debug|Any CPU
		{6557A603-E0BE-408A-A722-F39FF09FE89D}.Release|Any CPU.ActiveCfg = Release|Any CPU
		{6557A603-E0BE-408A-A722-F39FF09FE89D}.Release|Any CPU.Build.0 = Release|Any CPU
	EndGlobalSection
	GlobalSection(SolutionProperties) = preSolution
		HideSolutionNode = FALSE
	EndGlobalSection
	GlobalSection(ExtensibilityGlobals) = postSolution
		SolutionGuid = {2DF7DB97-D79F-4354-A78C-6A01DFEFC5FD}
	EndGlobalSection
EndGlobal
